
Microsoft Visual Studio Solution File, Format Version 12.00
# Visual Studio Version 16
VisualStudioVersion = 16.0.28809.33
MinimumVisualStudioVersion = 10.0.40219.1
Project("{FAE04EC0-301F-11D3-BF4B-00C04F79EFBC}") = "MyPasswordManager", "MyPasswordManager\MyPasswordManager.csproj", "{386029B8-D479-48E4-9B3E-27C4125E4488}"
EndProject
Global
	GlobalSection(SolutionConfigurationPlatforms) = preSolution
		Debug|Any CPU = Debug|Any CPU
		Release|Any CPU = Release|Any CPU
	EndGlobalSection
	GlobalSection(ProjectConfigurationPlatforms) = postSolution
		{386029B8-D479-48E4-9B3E-27C4125E4488}.Debug|Any CPU.ActiveCfg = Debug|Any CPU
		{386029B8-D479-48E4-9B3E-27C4125E4488}.Debug|Any CPU.Build.0 = Debug|Any CPU
		{386029B8-D479-48E4-9B3E-27C4125E4488}.Release|Any CPU.ActiveCfg = Release|Any CPU
		{386029B8-D479-48E4-9B3E-27C4125E4488}.Release|Any CPU.Build.0 = Release|Any CPU
	EndGlobalSection
	GlobalSection(SolutionProperties) = preSolution
		HideSolutionNode = FALSE
	EndGlobalSection
	GlobalSection(ExtensibilityGlobals) = postSolution
		SolutionGuid = {8B1A0D13-02A0-4F39-A816-02A534496A26}
	EndGlobalSection
EndGlobal
